
Microsoft Visual Studio Solution File, Format Version 12.00
# Visual Studio 15
VisualStudioVersion = 15.0.28010.2026
MinimumVisualStudioVersion = 10.0.40219.1
Project("{9A19103F-16F7-4668-BE54-9A1E7A4F7556}") = "popsDiner", "popsDiner\popsDiner.csproj", "{14A09D98-3427-42BF-857A-BE33A580044E}"
EndProject
Global
	GlobalSection(SolutionConfigurationPlatforms) = preSolution
		Debug|Any CPU = Debug|Any CPU
		Release|Any CPU = Release|Any CPU
	EndGlobalSection
	GlobalSection(ProjectConfigurationPlatforms) = postSolution
		{14A09D98-3427-42BF-857A-BE33A580044E}.Debug|Any CPU.ActiveCfg = Debug|Any CPU
		{14A09D98-3427-42BF-857A-BE33A580044E}.Debug|Any CPU.Build.0 = Debug|Any CPU
		{14A09D98-3427-42BF-857A-BE33A580044E}.Release|Any CPU.ActiveCfg = Release|Any CPU
		{14A09D98-3427-42BF-857A-BE33A580044E}.Release|Any CPU.Build.0 = Release|Any CPU
	EndGlobalSection
	GlobalSection(SolutionProperties) = preSolution
		HideSolutionNode = FALSE
	EndGlobalSection
	GlobalSection(ExtensibilityGlobals) = postSolution
		SolutionGuid = {0BFC72E0-65E3-45FE-9E2E-BFF1A456999F}
	EndGlobalSection
EndGlobal
